
Microsoft Visual Studio Solution File, Format Version 12.00
# Visual Studio Version 17
VisualStudioVersion = 17.0.32112.339
MinimumVisualStudioVersion = 10.0.40219.1
Project("{9A19103F-16F7-4668-BE54-9A1E7A4F7556}") = "eShopSolution.WebApp", "eShopSolution.WebApp\eShopSolution.WebApp.csproj", "{CADFE6BC-228C-479C-BCC0-9C8036FB8697}"
EndProject
Project("{2150E333-8FDC-42A3-9474-1A3956D46DE8}") = "Solution Items", "Solution Items", "{8F5BADB7-4E75-4F72-80A9-6D50CAAE0262}"
	ProjectSection(SolutionItems) = preProject
		README.txt = README.txt
	EndProjectSection
EndProject
Project("{9A19103F-16F7-4668-BE54-9A1E7A4F7556}") = "eShopSolution.Data", "eShopSolution.Data\eShopSolution.Data.csproj", "{9054EBFA-FDF1-47BA-9B18-5E7434CA19BD}"
EndProject
Project("{9A19103F-16F7-4668-BE54-9A1E7A4F7556}") = "eShopSolution.Application", "eShopSolution.Application\eShopSolution.Application.csproj", "{2FC87275-7D6B-423F-B432-7149F3359A0F}"
EndProject
Project("{9A19103F-16F7-4668-BE54-9A1E7A4F7556}") = "eShopSolution.Ut", "eShopSolution.Ut\eShopSolution.Ut.csproj", "{08D00809-D432-4BE6-BB5A-B08BB7DCF9D7}"
EndProject
Project("{9A19103F-16F7-4668-BE54-9A1E7A4F7556}") = "eShopSolution.ViewModel", "eShopSolution.ViewModel\eShopSolution.ViewModel.csproj", "{92875FCC-5745-4783-ABA9-C73E67FC09F0}"
EndProject
Project("{9A19103F-16F7-4668-BE54-9A1E7A4F7556}") = "eShopSolution.BackendApi", "eShopSolution.BackendApi\eShopSolution.BackendApi.csproj", "{BBAA8CAE-F935-40ED-9B3F-0D5111A757AC}"
EndProject
Global
	GlobalSection(SolutionConfigurationPlatforms) = preSolution
		Debug|Any CPU = Debug|Any CPU
		Release|Any CPU = Release|Any CPU
	EndGlobalSection
	GlobalSection(ProjectConfigurationPlatforms) = postSolution
		{CADFE6BC-228C-479C-BCC0-9C8036FB8697}.Debug|Any CPU.ActiveCfg = Debug|Any CPU
		{CADFE6BC-228C-479C-BCC0-9C8036FB8697}.Debug|Any CPU.Build.0 = Debug|Any CPU
		{CADFE6BC-228C-479C-BCC0-9C8036FB8697}.Release|Any CPU.ActiveCfg = Release|Any CPU
		{CADFE6BC-228C-479C-BCC0-9C8036FB8697}.Release|Any CPU.Build.0 = Release|Any CPU
		{9054EBFA-FDF1-47BA-9B18-5E7434CA19BD}.Debug|Any CPU.ActiveCfg = Debug|Any CPU
		{9054EBFA-FDF1-47BA-9B18-5E7434CA19BD}.Debug|Any CPU.Build.0 = Debug|Any CPU
		{9054EBFA-FDF1-47BA-9B18-5E7434CA19BD}.Release|Any CPU.ActiveCfg = Release|Any CPU
		{9054EBFA-FDF1-47BA-9B18-5E7434CA19BD}.Release|Any CPU.Build.0 = Release|Any CPU
		{2FC87275-7D6B-423F-B432-7149F3359A0F}.Debug|Any CPU.ActiveCfg = Debug|Any CPU
		{2FC87275-7D6B-423F-B432-7149F3359A0F}.Debug|Any CPU.Build.0 = Debug|Any CPU
		{2FC87275-7D6B-423F-B432-7149F3359A0F}.Release|Any CPU.ActiveCfg = Release|Any CPU
		{2FC87275-7D6B-423F-B432-7149F3359A0F}.Release|Any CPU.Build.0 = Release|Any CPU
		{08D00809-D432-4BE6-BB5A-B08BB7DCF9D7}.Debug|Any CPU.ActiveCfg = Debug|Any CPU
		{08D00809-D432-4BE6-BB5A-B08BB7DCF9D7}.Debug|Any CPU.Build.0 = Debug|Any CPU
		{08D00809-D432-4BE6-BB5A-B08BB7DCF9D7}.Release|Any CPU.ActiveCfg = Release|Any CPU
		{08D00809-D432-4BE6-BB5A-B08BB7DCF9D7}.Release|Any CPU.Build.0 = Release|Any CPU
		{92875FCC-5745-4783-ABA9-C73E67FC09F0}.Debug|Any CPU.ActiveCfg = Debug|Any CPU
		{92875FCC-5745-4783-ABA9-C73E67FC09F0}.Debug|Any CPU.Build.0 = Debug|Any CPU
		{92875FCC-5745-4783-ABA9-C73E67FC09F0}.Release|Any CPU.ActiveCfg = Release|Any CPU
		{92875FCC-5745-4783-ABA9-C73E67FC09F0}.Release|Any CPU.Build.0 = Release|Any CPU
		{BBAA8CAE-F935-40ED-9B3F-0D5111A757AC}.Debug|Any CPU.ActiveCfg = Debug|Any CPU
		{BBAA8CAE-F935-40ED-9B3F-0D5111A757AC}.Debug|Any CPU.Build.0 = Debug|Any CPU
		{BBAA8CAE-F935-40ED-9B3F-0D5111A757AC}.Release|Any CPU.ActiveCfg = Release|Any CPU
		{BBAA8CAE-F935-40ED-9B3F-0D5111A757AC}.Release|Any CPU.Build.0 = Release|Any CPU
	EndGlobalSection
	GlobalSection(SolutionProperties) = preSolution
		HideSolutionNode = FALSE
	EndGlobalSection
	GlobalSection(ExtensibilityGlobals) = postSolution
		SolutionGuid = {66683155-7765-40C6-BDFD-F321C5C803ED}
	EndGlobalSection
EndGlobal
